
Microsoft Visual Studio Solution File, Format Version 12.00
# Visual Studio Version 17
VisualStudioVersion = 17.4.33403.182
MinimumVisualStudioVersion = 10.0.40219.1
Project("{8BC9CEB8-8B4A-11D0-8D11-00A0C91BC942}") = "delete_emp", "delete_emp\delete_emp.vcxproj", "{7D53510F-8168-4F6A-81F3-A7B085487CEC}"
EndProject
Global
	GlobalSection(SolutionConfigurationPlatforms) = preSolution
		Debug|x64 = Debug|x64
		Debug|x86 = Debug|x86
		Release|x64 = Release|x64
		Release|x86 = Release|x86
	EndGlobalSection
	GlobalSection(ProjectConfigurationPlatforms) = postSolution
		{7D53510F-8168-4F6A-81F3-A7B085487CEC}.Debug|x64.ActiveCfg = Debug|x64
		{7D53510F-8168-4F6A-81F3-A7B085487CEC}.Debug|x64.Build.0 = Debug|x64
		{7D53510F-8168-4F6A-81F3-A7B085487CEC}.Debug|x86.ActiveCfg = Debug|Win32
		{7D53510F-8168-4F6A-81F3-A7B085487CEC}.Debug|x86.Build.0 = Debug|Win32
		{7D53510F-8168-4F6A-81F3-A7B085487CEC}.Release|x64.ActiveCfg = Release|x64
		{7D53510F-8168-4F6A-81F3-A7B085487CEC}.Release|x64.Build.0 = Release|x64
		{7D53510F-8168-4F6A-81F3-A7B085487CEC}.Release|x86.ActiveCfg = Release|Win32
		{7D53510F-8168-4F6A-81F3-A7B085487CEC}.Release|x86.Build.0 = Release|Win32
	EndGlobalSection
	GlobalSection(SolutionProperties) = preSolution
		HideSolutionNode = FALSE
	EndGlobalSection
	GlobalSection(ExtensibilityGlobals) = postSolution
		SolutionGuid = {FFE5EE20-A23D-489E-B443-3500E7F4F4F3}
	EndGlobalSection
EndGlobal
